
Microsoft Visual Studio Solution File, Format Version 12.00
# Visual Studio Version 17
VisualStudioVersion = 17.9.34616.47
MinimumVisualStudioVersion = 10.0.40219.1
Project("{8BC9CEB8-8B4A-11D0-8D11-00A0C91BC942}") = "Yolo_Example", "Yolo_Example.vcxproj", "{34E24A1B-886E-43D8-AD36-793CA9EB71DA}"
EndProject
Global
	GlobalSection(SolutionConfigurationPlatforms) = preSolution
		Debug|x64 = Debug|x64
		Debug|x86 = Debug|x86
		Release|x64 = Release|x64
		Release|x86 = Release|x86
	EndGlobalSection
	GlobalSection(ProjectConfigurationPlatforms) = postSolution
		{34E24A1B-886E-43D8-AD36-793CA9EB71DA}.Debug|x64.ActiveCfg = Debug|x64
		{34E24A1B-886E-43D8-AD36-793CA9EB71DA}.Debug|x64.Build.0 = Debug|x64
		{34E24A1B-886E-43D8-AD36-793CA9EB71DA}.Debug|x86.ActiveCfg = Debug|Win32
		{34E24A1B-886E-43D8-AD36-793CA9EB71DA}.Debug|x86.Build.0 = Debug|Win32
		{34E24A1B-886E-43D8-AD36-793CA9EB71DA}.Release|x64.ActiveCfg = Release|x64
		{34E24A1B-886E-43D8-AD36-793CA9EB71DA}.Release|x64.Build.0 = Release|x64
		{34E24A1B-886E-43D8-AD36-793CA9EB71DA}.Release|x86.ActiveCfg = Release|Win32
		{34E24A1B-886E-43D8-AD36-793CA9EB71DA}.Release|x86.Build.0 = Release|Win32
	EndGlobalSection
	GlobalSection(SolutionProperties) = preSolution
		HideSolutionNode = FALSE
	EndGlobalSection
	GlobalSection(ExtensibilityGlobals) = postSolution
		SolutionGuid = {9998F126-E81B-47A2-9C35-F3795E0C19EF}
	EndGlobalSection
EndGlobal
